
Microsoft Visual Studio Solution File, Format Version 12.00
# Visual Studio 15
VisualStudioVersion = 15.0.27703.2047
MinimumVisualStudioVersion = 10.0.40219.1
Project("{FAE04EC0-301F-11D3-BF4B-00C04F79EFBC}") = "WPF_Arduino", "WPF_Arduino\WPF_Arduino.csproj", "{31166252-C2D8-45A8-8848-A3E4B7EA053A}"
EndProject
Global
	GlobalSection(SolutionConfigurationPlatforms) = preSolution
		Debug|Any CPU = Debug|Any CPU
		Release|Any CPU = Release|Any CPU
	EndGlobalSection
	GlobalSection(ProjectConfigurationPlatforms) = postSolution
		{31166252-C2D8-45A8-8848-A3E4B7EA053A}.Debug|Any CPU.ActiveCfg = Debug|Any CPU
		{31166252-C2D8-45A8-8848-A3E4B7EA053A}.Debug|Any CPU.Build.0 = Debug|Any CPU
		{31166252-C2D8-45A8-8848-A3E4B7EA053A}.Release|Any CPU.ActiveCfg = Release|Any CPU
		{31166252-C2D8-45A8-8848-A3E4B7EA053A}.Release|Any CPU.Build.0 = Release|Any CPU
	EndGlobalSection
	GlobalSection(SolutionProperties) = preSolution
		HideSolutionNode = FALSE
	EndGlobalSection
	GlobalSection(ExtensibilityGlobals) = postSolution
		SolutionGuid = {C42E7972-6DDA-4465-8E7D-6F6BA7634DF6}
	EndGlobalSection
EndGlobal
